
Microsoft Visual Studio Solution File, Format Version 12.00
# Visual Studio 15
VisualStudioVersion = 15.0.28307.168
MinimumVisualStudioVersion = 10.0.40219.1
Project("{2150E333-8FDC-42A3-9474-1A3956D46DE8}") = ".nuget", ".nuget", "{8AC83E21-AEC1-4549-AC39-7D330ECEED59}"
	ProjectSection(SolutionItems) = preProject
		.nuget\NuGet.Config = .nuget\NuGet.Config
		.nuget\NuGet.exe = .nuget\NuGet.exe
		.nuget\NuGet.targets = .nuget\NuGet.targets
	EndProjectSection
EndProject
Project("{FAE04EC0-301F-11D3-BF4B-00C04F79EFBC}") = "ConsultantContractsInternal", "ConsultantContractsInternal\ConsultantContractsInternal.csproj", "{42AA1205-BA21-4650-8821-39522D77BBD7}"
EndProject
Project("{00D1A9C2-B5F0-4AF3-8072-F6C62B433612}") = "ConsultantContractsDatabase", "ConsultantContractsDatabase\ConsultantContractsDatabase.sqlproj", "{59F20FDF-C114-45F3-879C-687A3F4907DE}"
EndProject
Project("{F14B399A-7131-4C87-9E4B-1186C45EF12D}") = "ConsultantContractsReports", "ConsultantContractsReports\ConsultantContractsReports.rptproj", "{D0A32947-AA92-4666-BEFC-F5DFE82B2853}"
EndProject
Project("{159641D6-6404-4A2A-AE62-294DE0FE8301}") = "ConsultantContractSSIS", "ConsultantContractSSIS\ConsultantContractSSIS.dtproj", "{AEA68BF0-F561-442D-877E-341180B1964A}"
EndProject
Project("{00D1A9C2-B5F0-4AF3-8072-F6C62B433612}") = "CommonEdits", "CommonEdits\CommonEdits.sqlproj", "{CE4DACBC-926D-4FAB-9514-3524E6404194}"
EndProject
Project("{FAE04EC0-301F-11D3-BF4B-00C04F79EFBC}") = "ConsultantContracts.Infrastructure", "ConsultantContracts.Infrastructure\ConsultantContracts.Infrastructure.csproj", "{77F6C41D-514E-4A46-902C-D6912F547E3D}"
EndProject
Project("{FAE04EC0-301F-11D3-BF4B-00C04F79EFBC}") = "AHTD.Logging.WebClient", "AHTD.Logging.WebClient\AHTD.Logging.WebClient.csproj", "{00FB560C-C7DD-42C6-82BE-012CA8A7423F}"
EndProject
Project("{2150E333-8FDC-42A3-9474-1A3956D46DE8}") = "Solution Items", "Solution Items", "{95128E18-CEAC-4956-B354-D7B9983F61AB}"
EndProject
Project("{FAE04EC0-301F-11D3-BF4B-00C04F79EFBC}") = "ConsultantContracts.Infrastructure.Tests", "ConsultantContract.Infrastructure.Tests\ConsultantContracts.Infrastructure.Tests.csproj", "{BDA36DF1-41B6-4828-8817-D98F96948B81}"
EndProject
Global
	GlobalSection(SolutionConfigurationPlatforms) = preSolution
		Debug|Any CPU = Debug|Any CPU
		DebugLocal|Any CPU = DebugLocal|Any CPU
		Development|Any CPU = Development|Any CPU
		Release|Any CPU = Release|Any CPU
	EndGlobalSection
	GlobalSection(ProjectConfigurationPlatforms) = postSolution
		{42AA1205-BA21-4650-8821-39522D77BBD7}.Debug|Any CPU.ActiveCfg = Debug|Any CPU
		{42AA1205-BA21-4650-8821-39522D77BBD7}.Debug|Any CPU.Build.0 = Debug|Any CPU
		{42AA1205-BA21-4650-8821-39522D77BBD7}.DebugLocal|Any CPU.ActiveCfg = Debug|Any CPU
		{42AA1205-BA21-4650-8821-39522D77BBD7}.DebugLocal|Any CPU.Build.0 = Debug|Any CPU
		{42AA1205-BA21-4650-8821-39522D77BBD7}.Development|Any CPU.ActiveCfg = Debug|Any CPU
		{42AA1205-BA21-4650-8821-39522D77BBD7}.Development|Any CPU.Build.0 = Debug|Any CPU
		{42AA1205-BA21-4650-8821-39522D77BBD7}.Release|Any CPU.ActiveCfg = Release|Any CPU
		{42AA1205-BA21-4650-8821-39522D77BBD7}.Release|Any CPU.Build.0 = Release|Any CPU
		{59F20FDF-C114-45F3-879C-687A3F4907DE}.Debug|Any CPU.ActiveCfg = Debug|Any CPU
		{59F20FDF-C114-45F3-879C-687A3F4907DE}.Debug|Any CPU.Build.0 = Debug|Any CPU
		{59F20FDF-C114-45F3-879C-687A3F4907DE}.Debug|Any CPU.Deploy.0 = Debug|Any CPU
		{59F20FDF-C114-45F3-879C-687A3F4907DE}.DebugLocal|Any CPU.ActiveCfg = Debug|Any CPU
		{59F20FDF-C114-45F3-879C-687A3F4907DE}.Development|Any CPU.ActiveCfg = Debug|Any CPU
		{59F20FDF-C114-45F3-879C-687A3F4907DE}.Release|Any CPU.ActiveCfg = Release|Any CPU
		{59F20FDF-C114-45F3-879C-687A3F4907DE}.Release|Any CPU.Build.0 = Release|Any CPU
		{59F20FDF-C114-45F3-879C-687A3F4907DE}.Release|Any CPU.Deploy.0 = Release|Any CPU
		{D0A32947-AA92-4666-BEFC-F5DFE82B2853}.Debug|Any CPU.ActiveCfg = Debug
		{D0A32947-AA92-4666-BEFC-F5DFE82B2853}.Debug|Any CPU.Build.0 = Debug
		{D0A32947-AA92-4666-BEFC-F5DFE82B2853}.Debug|Any CPU.Deploy.0 = Debug
		{D0A32947-AA92-4666-BEFC-F5DFE82B2853}.DebugLocal|Any CPU.ActiveCfg = DebugLocal
		{D0A32947-AA92-4666-BEFC-F5DFE82B2853}.DebugLocal|Any CPU.Build.0 = DebugLocal
		{D0A32947-AA92-4666-BEFC-F5DFE82B2853}.Development|Any CPU.ActiveCfg = DebugLocal
		{D0A32947-AA92-4666-BEFC-F5DFE82B2853}.Development|Any CPU.Build.0 = DebugLocal
		{D0A32947-AA92-4666-BEFC-F5DFE82B2853}.Development|Any CPU.Deploy.0 = DebugLocal
		{D0A32947-AA92-4666-BEFC-F5DFE82B2853}.Release|Any CPU.ActiveCfg = Release
		{D0A32947-AA92-4666-BEFC-F5DFE82B2853}.Release|Any CPU.Build.0 = Release
		{D0A32947-AA92-4666-BEFC-F5DFE82B2853}.Release|Any CPU.Deploy.0 = Release
		{AEA68BF0-F561-442D-877E-341180B1964A}.Debug|Any CPU.ActiveCfg = Development
		{AEA68BF0-F561-442D-877E-341180B1964A}.Debug|Any CPU.Build.0 = Development
		{AEA68BF0-F561-442D-877E-341180B1964A}.DebugLocal|Any CPU.ActiveCfg = Development
		{AEA68BF0-F561-442D-877E-341180B1964A}.DebugLocal|Any CPU.Build.0 = Development
		{AEA68BF0-F561-442D-877E-341180B1964A}.Development|Any CPU.ActiveCfg = Development
		{AEA68BF0-F561-442D-877E-341180B1964A}.Development|Any CPU.Build.0 = Development
		{AEA68BF0-F561-442D-877E-341180B1964A}.Release|Any CPU.ActiveCfg = Development
		{AEA68BF0-F561-442D-877E-341180B1964A}.Release|Any CPU.Build.0 = Development
		{CE4DACBC-926D-4FAB-9514-3524E6404194}.Debug|Any CPU.ActiveCfg = Debug|Any CPU
		{CE4DACBC-926D-4FAB-9514-3524E6404194}.Debug|Any CPU.Build.0 = Debug|Any CPU
		{CE4DACBC-926D-4FAB-9514-3524E6404194}.Debug|Any CPU.Deploy.0 = Debug|Any CPU
		{CE4DACBC-926D-4FAB-9514-3524E6404194}.DebugLocal|Any CPU.ActiveCfg = Debug|Any CPU
		{CE4DACBC-926D-4FAB-9514-3524E6404194}.DebugLocal|Any CPU.Build.0 = Debug|Any CPU
		{CE4DACBC-926D-4FAB-9514-3524E6404194}.DebugLocal|Any CPU.Deploy.0 = Debug|Any CPU
		{CE4DACBC-926D-4FAB-9514-3524E6404194}.Development|Any CPU.ActiveCfg = Debug|Any CPU
		{CE4DACBC-926D-4FAB-9514-3524E6404194}.Development|Any CPU.Build.0 = Debug|Any CPU
		{CE4DACBC-926D-4FAB-9514-3524E6404194}.Development|Any CPU.Deploy.0 = Debug|Any CPU
		{CE4DACBC-926D-4FAB-9514-3524E6404194}.Release|Any CPU.ActiveCfg = Release|Any CPU
		{CE4DACBC-926D-4FAB-9514-3524E6404194}.Release|Any CPU.Build.0 = Release|Any CPU
		{CE4DACBC-926D-4FAB-9514-3524E6404194}.Release|Any CPU.Deploy.0 = Release|Any CPU
		{77F6C41D-514E-4A46-902C-D6912F547E3D}.Debug|Any CPU.ActiveCfg = Debug|Any CPU
		{77F6C41D-514E-4A46-902C-D6912F547E3D}.Debug|Any CPU.Build.0 = Debug|Any CPU
		{77F6C41D-514E-4A46-902C-D6912F547E3D}.DebugLocal|Any CPU.ActiveCfg = Debug|Any CPU
		{77F6C41D-514E-4A46-902C-D6912F547E3D}.DebugLocal|Any CPU.Build.0 = Debug|Any CPU
		{77F6C41D-514E-4A46-902C-D6912F547E3D}.Development|Any CPU.ActiveCfg = Debug|Any CPU
		{77F6C41D-514E-4A46-902C-D6912F547E3D}.Development|Any CPU.Build.0 = Debug|Any CPU
		{77F6C41D-514E-4A46-902C-D6912F547E3D}.Release|Any CPU.ActiveCfg = Release|Any CPU
		{77F6C41D-514E-4A46-902C-D6912F547E3D}.Release|Any CPU.Build.0 = Release|Any CPU
		{00FB560C-C7DD-42C6-82BE-012CA8A7423F}.Debug|Any CPU.ActiveCfg = Debug|Any CPU
		{00FB560C-C7DD-42C6-82BE-012CA8A7423F}.Debug|Any CPU.Build.0 = Debug|Any CPU
		{00FB560C-C7DD-42C6-82BE-012CA8A7423F}.DebugLocal|Any CPU.ActiveCfg = Debug|Any CPU
		{00FB560C-C7DD-42C6-82BE-012CA8A7423F}.DebugLocal|Any CPU.Build.0 = Debug|Any CPU
		{00FB560C-C7DD-42C6-82BE-012CA8A7423F}.Development|Any CPU.ActiveCfg = Debug|Any CPU
		{00FB560C-C7DD-42C6-82BE-012CA8A7423F}.Development|Any CPU.Build.0 = Debug|Any CPU
		{00FB560C-C7DD-42C6-82BE-012CA8A7423F}.Release|Any CPU.ActiveCfg = Release|Any CPU
		{00FB560C-C7DD-42C6-82BE-012CA8A7423F}.Release|Any CPU.Build.0 = Release|Any CPU
		{BDA36DF1-41B6-4828-8817-D98F96948B81}.Debug|Any CPU.ActiveCfg = Debug|Any CPU
		{BDA36DF1-41B6-4828-8817-D98F96948B81}.Debug|Any CPU.Build.0 = Debug|Any CPU
		{BDA36DF1-41B6-4828-8817-D98F96948B81}.DebugLocal|Any CPU.ActiveCfg = Debug|Any CPU
		{BDA36DF1-41B6-4828-8817-D98F96948B81}.DebugLocal|Any CPU.Build.0 = Debug|Any CPU
		{BDA36DF1-41B6-4828-8817-D98F96948B81}.Development|Any CPU.ActiveCfg = Debug|Any CPU
		{BDA36DF1-41B6-4828-8817-D98F96948B81}.Development|Any CPU.Build.0 = Debug|Any CPU
		{BDA36DF1-41B6-4828-8817-D98F96948B81}.Release|Any CPU.ActiveCfg = Release|Any CPU
		{BDA36DF1-41B6-4828-8817-D98F96948B81}.Release|Any CPU.Build.0 = Release|Any CPU
	EndGlobalSection
	GlobalSection(SolutionProperties) = preSolution
		HideSolutionNode = FALSE
	EndGlobalSection
	GlobalSection(ExtensibilityGlobals) = postSolution
		SolutionGuid = {2A43719E-9F5C-454F-AF89-86F7D8439B2A}
	EndGlobalSection
EndGlobal
