
Microsoft Visual Studio Solution File, Format Version 12.00
# Visual Studio 15
VisualStudioVersion = 15.0.28307.168
MinimumVisualStudioVersion = 10.0.40219.1
Project("{2150E333-8FDC-42A3-9474-1A3956D46DE8}") = "Solution Items", "Solution Items", "{2367C8B6-2C1A-4793-9CB9-AF3CEAC638DB}"
	ProjectSection(SolutionItems) = preProject
		EarnState.vsmdi = EarnState.vsmdi
	EndProjectSection
EndProject
Project("{FAE04EC0-301F-11D3-BF4B-00C04F79EFBC}") = "EarnState", "EarnState\EarnState.csproj", "{1B9C6050-8049-4C2C-8C55-81C398DAB5A5}"
EndProject
Project("{FAE04EC0-301F-11D3-BF4B-00C04F79EFBC}") = "Entities", "Entities\Entities.csproj", "{2B965971-F350-4762-8FBE-D7936D6027E7}"
EndProject
Project("{FAE04EC0-301F-11D3-BF4B-00C04F79EFBC}") = "TestEarnState", "TestEarnState\TestEarnState.csproj", "{6C8B05DB-272D-45F7-B9FD-8A0FB08D40E1}"
EndProject
Project("{54435603-DBB4-11D2-8724-00A0C9A8B90C}") = "EarnState_Deploy", "EarnState_Deploy\EarnState_Deploy.vdproj", "{5D1C4526-C609-4F8C-A646-F5B19383AC51}"
EndProject
Project("{FAE04EC0-301F-11D3-BF4B-00C04F79EFBC}") = "DAL_CSharp", "DAL_CSharp\DAL_CSharp\DAL_CSharp.csproj", "{F56D11FC-BA29-4269-B719-E1F414D5F4F0}"
EndProject
Global
	GlobalSection(SolutionConfigurationPlatforms) = preSolution
		Debug|Any CPU = Debug|Any CPU
		Release|Any CPU = Release|Any CPU
	EndGlobalSection
	GlobalSection(ProjectConfigurationPlatforms) = postSolution
		{1B9C6050-8049-4C2C-8C55-81C398DAB5A5}.Debug|Any CPU.ActiveCfg = Debug|Any CPU
		{1B9C6050-8049-4C2C-8C55-81C398DAB5A5}.Debug|Any CPU.Build.0 = Debug|Any CPU
		{1B9C6050-8049-4C2C-8C55-81C398DAB5A5}.Release|Any CPU.ActiveCfg = Release|Any CPU
		{1B9C6050-8049-4C2C-8C55-81C398DAB5A5}.Release|Any CPU.Build.0 = Release|Any CPU
		{2B965971-F350-4762-8FBE-D7936D6027E7}.Debug|Any CPU.ActiveCfg = Debug|Any CPU
		{2B965971-F350-4762-8FBE-D7936D6027E7}.Debug|Any CPU.Build.0 = Debug|Any CPU
		{2B965971-F350-4762-8FBE-D7936D6027E7}.Release|Any CPU.ActiveCfg = Release|Any CPU
		{2B965971-F350-4762-8FBE-D7936D6027E7}.Release|Any CPU.Build.0 = Release|Any CPU
		{6C8B05DB-272D-45F7-B9FD-8A0FB08D40E1}.Debug|Any CPU.ActiveCfg = Debug|Any CPU
		{6C8B05DB-272D-45F7-B9FD-8A0FB08D40E1}.Debug|Any CPU.Build.0 = Debug|Any CPU
		{6C8B05DB-272D-45F7-B9FD-8A0FB08D40E1}.Release|Any CPU.ActiveCfg = Release|Any CPU
		{6C8B05DB-272D-45F7-B9FD-8A0FB08D40E1}.Release|Any CPU.Build.0 = Release|Any CPU
		{5D1C4526-C609-4F8C-A646-F5B19383AC51}.Debug|Any CPU.ActiveCfg = Debug
		{5D1C4526-C609-4F8C-A646-F5B19383AC51}.Release|Any CPU.ActiveCfg = Release
		{F56D11FC-BA29-4269-B719-E1F414D5F4F0}.Debug|Any CPU.ActiveCfg = Debug|Any CPU
		{F56D11FC-BA29-4269-B719-E1F414D5F4F0}.Debug|Any CPU.Build.0 = Debug|Any CPU
		{F56D11FC-BA29-4269-B719-E1F414D5F4F0}.Release|Any CPU.ActiveCfg = Release|Any CPU
		{F56D11FC-BA29-4269-B719-E1F414D5F4F0}.Release|Any CPU.Build.0 = Release|Any CPU
	EndGlobalSection
	GlobalSection(SolutionProperties) = preSolution
		HideSolutionNode = FALSE
	EndGlobalSection
	GlobalSection(ExtensibilityGlobals) = postSolution
		EnterpriseLibraryConfigurationToolBinariesPath = packages\Unity.2.1.505.0\lib\NET35;packages\Unity.Interception.2.1.505.0\lib\NET35;packages\EnterpriseLibrary.Common.5.0.505.0\lib\NET35;packages\EnterpriseLibrary.Security.5.0.505.0\lib\NET35
		SolutionGuid = {E15F75E3-A67F-4DB9-AF46-A4AE5F06B408}
	EndGlobalSection
EndGlobal
