
Microsoft Visual Studio Solution File, Format Version 12.00
# Visual Studio 15
VisualStudioVersion = 15.0.28307.168
MinimumVisualStudioVersion = 10.0.40219.1
Project("{FAE04EC0-301F-11D3-BF4B-00C04F79EFBC}") = "STSWeb", "..\..\..\tfs2018_AppDev\ComputerSer.UserProv\STS\STSWeb\STSWeb.csproj", "{D8BA9FBD-E333-4444-AD9F-1F1AF1398C8B}"
EndProject
Project("{FAE04EC0-301F-11D3-BF4B-00C04F79EFBC}") = "TestWeb", "..\..\..\tfs2018_AppDev\ComputerSer.UserProv\STS\TestWeb\TestWeb.csproj", "{E88B9B31-1DF7-45D7-ADA3-E34BCC68C1C7}"
EndProject
Project("{FAE04EC0-301F-11D3-BF4B-00C04F79EFBC}") = "WebHelper", "..\..\..\tfs2018_AppDev\ComputerSer.UserProv\STS\WebHelper\WebHelper.csproj", "{19FC56F4-00A9-4AC0-BECA-7E20A5AE7933}"
EndProject
Project("{FAE04EC0-301F-11D3-BF4B-00C04F79EFBC}") = "Common", "..\..\..\tfs2018_AppDev\ComputerSer.UserProv\STS\Common\Common.csproj", "{4B9358F4-512A-430E-8937-013D53CBD714}"
EndProject
Global
	GlobalSection(SolutionConfigurationPlatforms) = preSolution
		Debug|Any CPU = Debug|Any CPU
		Debug|ARM = Debug|ARM
		Debug|ARM64 = Debug|ARM64
		Debug|x64 = Debug|x64
		Debug|x86 = Debug|x86
		DEV|Any CPU = DEV|Any CPU
		DEV|ARM = DEV|ARM
		DEV|ARM64 = DEV|ARM64
		DEV|x64 = DEV|x64
		DEV|x86 = DEV|x86
		PROD|Any CPU = PROD|Any CPU
		PROD|ARM = PROD|ARM
		PROD|ARM64 = PROD|ARM64
		PROD|x64 = PROD|x64
		PROD|x86 = PROD|x86
		Release|Any CPU = Release|Any CPU
		Release|ARM = Release|ARM
		Release|ARM64 = Release|ARM64
		Release|x64 = Release|x64
		Release|x86 = Release|x86
		STG|Any CPU = STG|Any CPU
		STG|ARM = STG|ARM
		STG|ARM64 = STG|ARM64
		STG|x64 = STG|x64
		STG|x86 = STG|x86
	EndGlobalSection
	GlobalSection(ProjectConfigurationPlatforms) = postSolution
		{D8BA9FBD-E333-4444-AD9F-1F1AF1398C8B}.Debug|Any CPU.ActiveCfg = Debug|Any CPU
		{D8BA9FBD-E333-4444-AD9F-1F1AF1398C8B}.Debug|Any CPU.Build.0 = Debug|Any CPU
		{D8BA9FBD-E333-4444-AD9F-1F1AF1398C8B}.Debug|ARM.ActiveCfg = Debug|Any CPU
		{D8BA9FBD-E333-4444-AD9F-1F1AF1398C8B}.Debug|ARM.Build.0 = Debug|Any CPU
		{D8BA9FBD-E333-4444-AD9F-1F1AF1398C8B}.Debug|ARM64.ActiveCfg = Debug|Any CPU
		{D8BA9FBD-E333-4444-AD9F-1F1AF1398C8B}.Debug|ARM64.Build.0 = Debug|Any CPU
		{D8BA9FBD-E333-4444-AD9F-1F1AF1398C8B}.Debug|x64.ActiveCfg = Debug|Any CPU
		{D8BA9FBD-E333-4444-AD9F-1F1AF1398C8B}.Debug|x64.Build.0 = Debug|Any CPU
		{D8BA9FBD-E333-4444-AD9F-1F1AF1398C8B}.Debug|x86.ActiveCfg = Debug|Any CPU
		{D8BA9FBD-E333-4444-AD9F-1F1AF1398C8B}.Debug|x86.Build.0 = Debug|Any CPU
		{D8BA9FBD-E333-4444-AD9F-1F1AF1398C8B}.DEV|Any CPU.ActiveCfg = DEV|Any CPU
		{D8BA9FBD-E333-4444-AD9F-1F1AF1398C8B}.DEV|Any CPU.Build.0 = DEV|Any CPU
		{D8BA9FBD-E333-4444-AD9F-1F1AF1398C8B}.DEV|ARM.ActiveCfg = DEV|Any CPU
		{D8BA9FBD-E333-4444-AD9F-1F1AF1398C8B}.DEV|ARM.Build.0 = DEV|Any CPU
		{D8BA9FBD-E333-4444-AD9F-1F1AF1398C8B}.DEV|ARM64.ActiveCfg = DEV|Any CPU
		{D8BA9FBD-E333-4444-AD9F-1F1AF1398C8B}.DEV|ARM64.Build.0 = DEV|Any CPU
		{D8BA9FBD-E333-4444-AD9F-1F1AF1398C8B}.DEV|x64.ActiveCfg = DEV|Any CPU
		{D8BA9FBD-E333-4444-AD9F-1F1AF1398C8B}.DEV|x64.Build.0 = DEV|Any CPU
		{D8BA9FBD-E333-4444-AD9F-1F1AF1398C8B}.DEV|x86.ActiveCfg = DEV|Any CPU
		{D8BA9FBD-E333-4444-AD9F-1F1AF1398C8B}.DEV|x86.Build.0 = DEV|Any CPU
		{D8BA9FBD-E333-4444-AD9F-1F1AF1398C8B}.PROD|Any CPU.ActiveCfg = PROD|Any CPU
		{D8BA9FBD-E333-4444-AD9F-1F1AF1398C8B}.PROD|Any CPU.Build.0 = PROD|Any CPU
		{D8BA9FBD-E333-4444-AD9F-1F1AF1398C8B}.PROD|ARM.ActiveCfg = PROD|Any CPU
		{D8BA9FBD-E333-4444-AD9F-1F1AF1398C8B}.PROD|ARM.Build.0 = PROD|Any CPU
		{D8BA9FBD-E333-4444-AD9F-1F1AF1398C8B}.PROD|ARM64.ActiveCfg = PROD|Any CPU
		{D8BA9FBD-E333-4444-AD9F-1F1AF1398C8B}.PROD|ARM64.Build.0 = PROD|Any CPU
		{D8BA9FBD-E333-4444-AD9F-1F1AF1398C8B}.PROD|x64.ActiveCfg = PROD|Any CPU
		{D8BA9FBD-E333-4444-AD9F-1F1AF1398C8B}.PROD|x64.Build.0 = PROD|Any CPU
		{D8BA9FBD-E333-4444-AD9F-1F1AF1398C8B}.PROD|x86.ActiveCfg = PROD|Any CPU
		{D8BA9FBD-E333-4444-AD9F-1F1AF1398C8B}.PROD|x86.Build.0 = PROD|Any CPU
		{D8BA9FBD-E333-4444-AD9F-1F1AF1398C8B}.Release|Any CPU.ActiveCfg = Release|Any CPU
		{D8BA9FBD-E333-4444-AD9F-1F1AF1398C8B}.Release|Any CPU.Build.0 = Release|Any CPU
		{D8BA9FBD-E333-4444-AD9F-1F1AF1398C8B}.Release|ARM.ActiveCfg = Release|Any CPU
		{D8BA9FBD-E333-4444-AD9F-1F1AF1398C8B}.Release|ARM.Build.0 = Release|Any CPU
		{D8BA9FBD-E333-4444-AD9F-1F1AF1398C8B}.Release|ARM64.ActiveCfg = Release|Any CPU
		{D8BA9FBD-E333-4444-AD9F-1F1AF1398C8B}.Release|ARM64.Build.0 = Release|Any CPU
		{D8BA9FBD-E333-4444-AD9F-1F1AF1398C8B}.Release|x64.ActiveCfg = Release|Any CPU
		{D8BA9FBD-E333-4444-AD9F-1F1AF1398C8B}.Release|x64.Build.0 = Release|Any CPU
		{D8BA9FBD-E333-4444-AD9F-1F1AF1398C8B}.Release|x86.ActiveCfg = Release|Any CPU
		{D8BA9FBD-E333-4444-AD9F-1F1AF1398C8B}.Release|x86.Build.0 = Release|Any CPU
		{D8BA9FBD-E333-4444-AD9F-1F1AF1398C8B}.STG|Any CPU.ActiveCfg = STG|Any CPU
		{D8BA9FBD-E333-4444-AD9F-1F1AF1398C8B}.STG|Any CPU.Build.0 = STG|Any CPU
		{D8BA9FBD-E333-4444-AD9F-1F1AF1398C8B}.STG|ARM.ActiveCfg = STG|Any CPU
		{D8BA9FBD-E333-4444-AD9F-1F1AF1398C8B}.STG|ARM.Build.0 = STG|Any CPU
		{D8BA9FBD-E333-4444-AD9F-1F1AF1398C8B}.STG|ARM64.ActiveCfg = STG|Any CPU
		{D8BA9FBD-E333-4444-AD9F-1F1AF1398C8B}.STG|ARM64.Build.0 = STG|Any CPU
		{D8BA9FBD-E333-4444-AD9F-1F1AF1398C8B}.STG|x64.ActiveCfg = STG|Any CPU
		{D8BA9FBD-E333-4444-AD9F-1F1AF1398C8B}.STG|x64.Build.0 = STG|Any CPU
		{D8BA9FBD-E333-4444-AD9F-1F1AF1398C8B}.STG|x86.ActiveCfg = STG|Any CPU
		{D8BA9FBD-E333-4444-AD9F-1F1AF1398C8B}.STG|x86.Build.0 = STG|Any CPU
		{E88B9B31-1DF7-45D7-ADA3-E34BCC68C1C7}.Debug|Any CPU.ActiveCfg = Debug|Any CPU
		{E88B9B31-1DF7-45D7-ADA3-E34BCC68C1C7}.Debug|Any CPU.Build.0 = Debug|Any CPU
		{E88B9B31-1DF7-45D7-ADA3-E34BCC68C1C7}.Debug|ARM.ActiveCfg = Debug|Any CPU
		{E88B9B31-1DF7-45D7-ADA3-E34BCC68C1C7}.Debug|ARM.Build.0 = Debug|Any CPU
		{E88B9B31-1DF7-45D7-ADA3-E34BCC68C1C7}.Debug|ARM64.ActiveCfg = Debug|Any CPU
		{E88B9B31-1DF7-45D7-ADA3-E34BCC68C1C7}.Debug|ARM64.Build.0 = Debug|Any CPU
		{E88B9B31-1DF7-45D7-ADA3-E34BCC68C1C7}.Debug|x64.ActiveCfg = Debug|Any CPU
		{E88B9B31-1DF7-45D7-ADA3-E34BCC68C1C7}.Debug|x64.Build.0 = Debug|Any CPU
		{E88B9B31-1DF7-45D7-ADA3-E34BCC68C1C7}.Debug|x86.ActiveCfg = Debug|Any CPU
		{E88B9B31-1DF7-45D7-ADA3-E34BCC68C1C7}.Debug|x86.Build.0 = Debug|Any CPU
		{E88B9B31-1DF7-45D7-ADA3-E34BCC68C1C7}.DEV|Any CPU.ActiveCfg = Debug|Any CPU
		{E88B9B31-1DF7-45D7-ADA3-E34BCC68C1C7}.DEV|Any CPU.Build.0 = Debug|Any CPU
		{E88B9B31-1DF7-45D7-ADA3-E34BCC68C1C7}.DEV|ARM.ActiveCfg = Debug|Any CPU
		{E88B9B31-1DF7-45D7-ADA3-E34BCC68C1C7}.DEV|ARM.Build.0 = Debug|Any CPU
		{E88B9B31-1DF7-45D7-ADA3-E34BCC68C1C7}.DEV|ARM64.ActiveCfg = Debug|Any CPU
		{E88B9B31-1DF7-45D7-ADA3-E34BCC68C1C7}.DEV|ARM64.Build.0 = Debug|Any CPU
		{E88B9B31-1DF7-45D7-ADA3-E34BCC68C1C7}.DEV|x64.ActiveCfg = Debug|Any CPU
		{E88B9B31-1DF7-45D7-ADA3-E34BCC68C1C7}.DEV|x64.Build.0 = Debug|Any CPU
		{E88B9B31-1DF7-45D7-ADA3-E34BCC68C1C7}.DEV|x86.ActiveCfg = Debug|Any CPU
		{E88B9B31-1DF7-45D7-ADA3-E34BCC68C1C7}.DEV|x86.Build.0 = Debug|Any CPU
		{E88B9B31-1DF7-45D7-ADA3-E34BCC68C1C7}.PROD|Any CPU.ActiveCfg = Release|Any CPU
		{E88B9B31-1DF7-45D7-ADA3-E34BCC68C1C7}.PROD|Any CPU.Build.0 = Release|Any CPU
		{E88B9B31-1DF7-45D7-ADA3-E34BCC68C1C7}.PROD|ARM.ActiveCfg = Release|Any CPU
		{E88B9B31-1DF7-45D7-ADA3-E34BCC68C1C7}.PROD|ARM.Build.0 = Release|Any CPU
		{E88B9B31-1DF7-45D7-ADA3-E34BCC68C1C7}.PROD|ARM64.ActiveCfg = Release|Any CPU
		{E88B9B31-1DF7-45D7-ADA3-E34BCC68C1C7}.PROD|ARM64.Build.0 = Release|Any CPU
		{E88B9B31-1DF7-45D7-ADA3-E34BCC68C1C7}.PROD|x64.ActiveCfg = Release|Any CPU
		{E88B9B31-1DF7-45D7-ADA3-E34BCC68C1C7}.PROD|x64.Build.0 = Release|Any CPU
		{E88B9B31-1DF7-45D7-ADA3-E34BCC68C1C7}.PROD|x86.ActiveCfg = Release|Any CPU
		{E88B9B31-1DF7-45D7-ADA3-E34BCC68C1C7}.PROD|x86.Build.0 = Release|Any CPU
		{E88B9B31-1DF7-45D7-ADA3-E34BCC68C1C7}.Release|Any CPU.ActiveCfg = Release|Any CPU
		{E88B9B31-1DF7-45D7-ADA3-E34BCC68C1C7}.Release|Any CPU.Build.0 = Release|Any CPU
		{E88B9B31-1DF7-45D7-ADA3-E34BCC68C1C7}.Release|ARM.ActiveCfg = Release|Any CPU
		{E88B9B31-1DF7-45D7-ADA3-E34BCC68C1C7}.Release|ARM.Build.0 = Release|Any CPU
		{E88B9B31-1DF7-45D7-ADA3-E34BCC68C1C7}.Release|ARM64.ActiveCfg = Release|Any CPU
		{E88B9B31-1DF7-45D7-ADA3-E34BCC68C1C7}.Release|ARM64.Build.0 = Release|Any CPU
		{E88B9B31-1DF7-45D7-ADA3-E34BCC68C1C7}.Release|x64.ActiveCfg = Release|Any CPU
		{E88B9B31-1DF7-45D7-ADA3-E34BCC68C1C7}.Release|x64.Build.0 = Release|Any CPU
		{E88B9B31-1DF7-45D7-ADA3-E34BCC68C1C7}.Release|x86.ActiveCfg = Release|Any CPU
		{E88B9B31-1DF7-45D7-ADA3-E34BCC68C1C7}.Release|x86.Build.0 = Release|Any CPU
		{E88B9B31-1DF7-45D7-ADA3-E34BCC68C1C7}.STG|Any CPU.ActiveCfg = Release|Any CPU
		{E88B9B31-1DF7-45D7-ADA3-E34BCC68C1C7}.STG|Any CPU.Build.0 = Release|Any CPU
		{E88B9B31-1DF7-45D7-ADA3-E34BCC68C1C7}.STG|ARM.ActiveCfg = Release|Any CPU
		{E88B9B31-1DF7-45D7-ADA3-E34BCC68C1C7}.STG|ARM.Build.0 = Release|Any CPU
		{E88B9B31-1DF7-45D7-ADA3-E34BCC68C1C7}.STG|ARM64.ActiveCfg = Release|Any CPU
		{E88B9B31-1DF7-45D7-ADA3-E34BCC68C1C7}.STG|ARM64.Build.0 = Release|Any CPU
		{E88B9B31-1DF7-45D7-ADA3-E34BCC68C1C7}.STG|x64.ActiveCfg = Release|Any CPU
		{E88B9B31-1DF7-45D7-ADA3-E34BCC68C1C7}.STG|x64.Build.0 = Release|Any CPU
		{E88B9B31-1DF7-45D7-ADA3-E34BCC68C1C7}.STG|x86.ActiveCfg = Release|Any CPU
		{E88B9B31-1DF7-45D7-ADA3-E34BCC68C1C7}.STG|x86.Build.0 = Release|Any CPU
		{19FC56F4-00A9-4AC0-BECA-7E20A5AE7933}.Debug|Any CPU.ActiveCfg = Debug|Any CPU
		{19FC56F4-00A9-4AC0-BECA-7E20A5AE7933}.Debug|Any CPU.Build.0 = Debug|Any CPU
		{19FC56F4-00A9-4AC0-BECA-7E20A5AE7933}.Debug|ARM.ActiveCfg = Debug|Any CPU
		{19FC56F4-00A9-4AC0-BECA-7E20A5AE7933}.Debug|ARM.Build.0 = Debug|Any CPU
		{19FC56F4-00A9-4AC0-BECA-7E20A5AE7933}.Debug|ARM64.ActiveCfg = Debug|Any CPU
		{19FC56F4-00A9-4AC0-BECA-7E20A5AE7933}.Debug|ARM64.Build.0 = Debug|Any CPU
		{19FC56F4-00A9-4AC0-BECA-7E20A5AE7933}.Debug|x64.ActiveCfg = Debug|Any CPU
		{19FC56F4-00A9-4AC0-BECA-7E20A5AE7933}.Debug|x64.Build.0 = Debug|Any CPU
		{19FC56F4-00A9-4AC0-BECA-7E20A5AE7933}.Debug|x86.ActiveCfg = Debug|Any CPU
		{19FC56F4-00A9-4AC0-BECA-7E20A5AE7933}.Debug|x86.Build.0 = Debug|Any CPU
		{19FC56F4-00A9-4AC0-BECA-7E20A5AE7933}.DEV|Any CPU.ActiveCfg = Debug|Any CPU
		{19FC56F4-00A9-4AC0-BECA-7E20A5AE7933}.DEV|Any CPU.Build.0 = Debug|Any CPU
		{19FC56F4-00A9-4AC0-BECA-7E20A5AE7933}.DEV|ARM.ActiveCfg = Debug|Any CPU
		{19FC56F4-00A9-4AC0-BECA-7E20A5AE7933}.DEV|ARM.Build.0 = Debug|Any CPU
		{19FC56F4-00A9-4AC0-BECA-7E20A5AE7933}.DEV|ARM64.ActiveCfg = Debug|Any CPU
		{19FC56F4-00A9-4AC0-BECA-7E20A5AE7933}.DEV|ARM64.Build.0 = Debug|Any CPU
		{19FC56F4-00A9-4AC0-BECA-7E20A5AE7933}.DEV|x64.ActiveCfg = Debug|Any CPU
		{19FC56F4-00A9-4AC0-BECA-7E20A5AE7933}.DEV|x64.Build.0 = Debug|Any CPU
		{19FC56F4-00A9-4AC0-BECA-7E20A5AE7933}.DEV|x86.ActiveCfg = Debug|Any CPU
		{19FC56F4-00A9-4AC0-BECA-7E20A5AE7933}.DEV|x86.Build.0 = Debug|Any CPU
		{19FC56F4-00A9-4AC0-BECA-7E20A5AE7933}.PROD|Any CPU.ActiveCfg = Release|Any CPU
		{19FC56F4-00A9-4AC0-BECA-7E20A5AE7933}.PROD|Any CPU.Build.0 = Release|Any CPU
		{19FC56F4-00A9-4AC0-BECA-7E20A5AE7933}.PROD|ARM.ActiveCfg = Release|Any CPU
		{19FC56F4-00A9-4AC0-BECA-7E20A5AE7933}.PROD|ARM.Build.0 = Release|Any CPU
		{19FC56F4-00A9-4AC0-BECA-7E20A5AE7933}.PROD|ARM64.ActiveCfg = Release|Any CPU
		{19FC56F4-00A9-4AC0-BECA-7E20A5AE7933}.PROD|ARM64.Build.0 = Release|Any CPU
		{19FC56F4-00A9-4AC0-BECA-7E20A5AE7933}.PROD|x64.ActiveCfg = Release|Any CPU
		{19FC56F4-00A9-4AC0-BECA-7E20A5AE7933}.PROD|x64.Build.0 = Release|Any CPU
		{19FC56F4-00A9-4AC0-BECA-7E20A5AE7933}.PROD|x86.ActiveCfg = Release|Any CPU
		{19FC56F4-00A9-4AC0-BECA-7E20A5AE7933}.PROD|x86.Build.0 = Release|Any CPU
		{19FC56F4-00A9-4AC0-BECA-7E20A5AE7933}.Release|Any CPU.ActiveCfg = Release|Any CPU
		{19FC56F4-00A9-4AC0-BECA-7E20A5AE7933}.Release|Any CPU.Build.0 = Release|Any CPU
		{19FC56F4-00A9-4AC0-BECA-7E20A5AE7933}.Release|ARM.ActiveCfg = Release|Any CPU
		{19FC56F4-00A9-4AC0-BECA-7E20A5AE7933}.Release|ARM.Build.0 = Release|Any CPU
		{19FC56F4-00A9-4AC0-BECA-7E20A5AE7933}.Release|ARM64.ActiveCfg = Release|Any CPU
		{19FC56F4-00A9-4AC0-BECA-7E20A5AE7933}.Release|ARM64.Build.0 = Release|Any CPU
		{19FC56F4-00A9-4AC0-BECA-7E20A5AE7933}.Release|x64.ActiveCfg = Release|Any CPU
		{19FC56F4-00A9-4AC0-BECA-7E20A5AE7933}.Release|x64.Build.0 = Release|Any CPU
		{19FC56F4-00A9-4AC0-BECA-7E20A5AE7933}.Release|x86.ActiveCfg = Release|Any CPU
		{19FC56F4-00A9-4AC0-BECA-7E20A5AE7933}.Release|x86.Build.0 = Release|Any CPU
		{19FC56F4-00A9-4AC0-BECA-7E20A5AE7933}.STG|Any CPU.ActiveCfg = Release|Any CPU
		{19FC56F4-00A9-4AC0-BECA-7E20A5AE7933}.STG|Any CPU.Build.0 = Release|Any CPU
		{19FC56F4-00A9-4AC0-BECA-7E20A5AE7933}.STG|ARM.ActiveCfg = Release|Any CPU
		{19FC56F4-00A9-4AC0-BECA-7E20A5AE7933}.STG|ARM.Build.0 = Release|Any CPU
		{19FC56F4-00A9-4AC0-BECA-7E20A5AE7933}.STG|ARM64.ActiveCfg = Release|Any CPU
		{19FC56F4-00A9-4AC0-BECA-7E20A5AE7933}.STG|ARM64.Build.0 = Release|Any CPU
		{19FC56F4-00A9-4AC0-BECA-7E20A5AE7933}.STG|x64.ActiveCfg = Release|Any CPU
		{19FC56F4-00A9-4AC0-BECA-7E20A5AE7933}.STG|x64.Build.0 = Release|Any CPU
		{19FC56F4-00A9-4AC0-BECA-7E20A5AE7933}.STG|x86.ActiveCfg = Release|Any CPU
		{19FC56F4-00A9-4AC0-BECA-7E20A5AE7933}.STG|x86.Build.0 = Release|Any CPU
		{4B9358F4-512A-430E-8937-013D53CBD714}.Debug|Any CPU.ActiveCfg = Debug|Any CPU
		{4B9358F4-512A-430E-8937-013D53CBD714}.Debug|Any CPU.Build.0 = Debug|Any CPU
		{4B9358F4-512A-430E-8937-013D53CBD714}.Debug|ARM.ActiveCfg = Debug|Any CPU
		{4B9358F4-512A-430E-8937-013D53CBD714}.Debug|ARM.Build.0 = Debug|Any CPU
		{4B9358F4-512A-430E-8937-013D53CBD714}.Debug|ARM64.ActiveCfg = Debug|Any CPU
		{4B9358F4-512A-430E-8937-013D53CBD714}.Debug|ARM64.Build.0 = Debug|Any CPU
		{4B9358F4-512A-430E-8937-013D53CBD714}.Debug|x64.ActiveCfg = Debug|Any CPU
		{4B9358F4-512A-430E-8937-013D53CBD714}.Debug|x64.Build.0 = Debug|Any CPU
		{4B9358F4-512A-430E-8937-013D53CBD714}.Debug|x86.ActiveCfg = Debug|Any CPU
		{4B9358F4-512A-430E-8937-013D53CBD714}.Debug|x86.Build.0 = Debug|Any CPU
		{4B9358F4-512A-430E-8937-013D53CBD714}.DEV|Any CPU.ActiveCfg = Debug|Any CPU
		{4B9358F4-512A-430E-8937-013D53CBD714}.DEV|Any CPU.Build.0 = Debug|Any CPU
		{4B9358F4-512A-430E-8937-013D53CBD714}.DEV|ARM.ActiveCfg = Debug|Any CPU
		{4B9358F4-512A-430E-8937-013D53CBD714}.DEV|ARM.Build.0 = Debug|Any CPU
		{4B9358F4-512A-430E-8937-013D53CBD714}.DEV|ARM64.ActiveCfg = Debug|Any CPU
		{4B9358F4-512A-430E-8937-013D53CBD714}.DEV|ARM64.Build.0 = Debug|Any CPU
		{4B9358F4-512A-430E-8937-013D53CBD714}.DEV|x64.ActiveCfg = Debug|Any CPU
		{4B9358F4-512A-430E-8937-013D53CBD714}.DEV|x64.Build.0 = Debug|Any CPU
		{4B9358F4-512A-430E-8937-013D53CBD714}.DEV|x86.ActiveCfg = Debug|Any CPU
		{4B9358F4-512A-430E-8937-013D53CBD714}.DEV|x86.Build.0 = Debug|Any CPU
		{4B9358F4-512A-430E-8937-013D53CBD714}.PROD|Any CPU.ActiveCfg = Release|Any CPU
		{4B9358F4-512A-430E-8937-013D53CBD714}.PROD|Any CPU.Build.0 = Release|Any CPU
		{4B9358F4-512A-430E-8937-013D53CBD714}.PROD|ARM.ActiveCfg = Release|Any CPU
		{4B9358F4-512A-430E-8937-013D53CBD714}.PROD|ARM.Build.0 = Release|Any CPU
		{4B9358F4-512A-430E-8937-013D53CBD714}.PROD|ARM64.ActiveCfg = Release|Any CPU
		{4B9358F4-512A-430E-8937-013D53CBD714}.PROD|ARM64.Build.0 = Release|Any CPU
		{4B9358F4-512A-430E-8937-013D53CBD714}.PROD|x64.ActiveCfg = Release|Any CPU
		{4B9358F4-512A-430E-8937-013D53CBD714}.PROD|x64.Build.0 = Release|Any CPU
		{4B9358F4-512A-430E-8937-013D53CBD714}.PROD|x86.ActiveCfg = Release|Any CPU
		{4B9358F4-512A-430E-8937-013D53CBD714}.PROD|x86.Build.0 = Release|Any CPU
		{4B9358F4-512A-430E-8937-013D53CBD714}.Release|Any CPU.ActiveCfg = Release|Any CPU
		{4B9358F4-512A-430E-8937-013D53CBD714}.Release|Any CPU.Build.0 = Release|Any CPU
		{4B9358F4-512A-430E-8937-013D53CBD714}.Release|ARM.ActiveCfg = Release|Any CPU
		{4B9358F4-512A-430E-8937-013D53CBD714}.Release|ARM.Build.0 = Release|Any CPU
		{4B9358F4-512A-430E-8937-013D53CBD714}.Release|ARM64.ActiveCfg = Release|Any CPU
		{4B9358F4-512A-430E-8937-013D53CBD714}.Release|ARM64.Build.0 = Release|Any CPU
		{4B9358F4-512A-430E-8937-013D53CBD714}.Release|x64.ActiveCfg = Release|Any CPU
		{4B9358F4-512A-430E-8937-013D53CBD714}.Release|x64.Build.0 = Release|Any CPU
		{4B9358F4-512A-430E-8937-013D53CBD714}.Release|x86.ActiveCfg = Release|Any CPU
		{4B9358F4-512A-430E-8937-013D53CBD714}.Release|x86.Build.0 = Release|Any CPU
		{4B9358F4-512A-430E-8937-013D53CBD714}.STG|Any CPU.ActiveCfg = Release|Any CPU
		{4B9358F4-512A-430E-8937-013D53CBD714}.STG|Any CPU.Build.0 = Release|Any CPU
		{4B9358F4-512A-430E-8937-013D53CBD714}.STG|ARM.ActiveCfg = Release|Any CPU
		{4B9358F4-512A-430E-8937-013D53CBD714}.STG|ARM.Build.0 = Release|Any CPU
		{4B9358F4-512A-430E-8937-013D53CBD714}.STG|ARM64.ActiveCfg = Release|Any CPU
		{4B9358F4-512A-430E-8937-013D53CBD714}.STG|ARM64.Build.0 = Release|Any CPU
		{4B9358F4-512A-430E-8937-013D53CBD714}.STG|x64.ActiveCfg = Release|Any CPU
		{4B9358F4-512A-430E-8937-013D53CBD714}.STG|x64.Build.0 = Release|Any CPU
		{4B9358F4-512A-430E-8937-013D53CBD714}.STG|x86.ActiveCfg = Release|Any CPU
		{4B9358F4-512A-430E-8937-013D53CBD714}.STG|x86.Build.0 = Release|Any CPU
	EndGlobalSection
	GlobalSection(SolutionProperties) = preSolution
		HideSolutionNode = FALSE
	EndGlobalSection
	GlobalSection(ExtensibilityGlobals) = postSolution
		SolutionGuid = {260FF707-700E-4602-BE39-2D39C24F3499}
	EndGlobalSection
EndGlobal
