
Microsoft Visual Studio Solution File, Format Version 12.00
# Visual Studio 15
VisualStudioVersion = 15.0.28307.168
MinimumVisualStudioVersion = 10.0.40219.1
Project("{FAE04EC0-301F-11D3-BF4B-00C04F79EFBC}") = "ClientHelper", "..\..\..\tfs2018_AppDev\ComputerSer.UserProv\STS\ClientHelper\ClientHelper.csproj", "{2669F0FB-FEF6-4065-8541-9B151854322F}"
EndProject
Project("{FAE04EC0-301F-11D3-BF4B-00C04F79EFBC}") = "TestWPF", "..\..\..\tfs2018_AppDev\ComputerSer.UserProv\STS\TestWPF\TestWPF.csproj", "{F0F4B6AF-200C-44D8-A403-F442B495A7AE}"
EndProject
Project("{FAE04EC0-301F-11D3-BF4B-00C04F79EFBC}") = "Common", "..\..\..\tfs2018_AppDev\ComputerSer.UserProv\STS\Common\Common.csproj", "{4B9358F4-512A-430E-8937-013D53CBD714}"
EndProject
Global
	GlobalSection(SolutionConfigurationPlatforms) = preSolution
		Debug|Any CPU = Debug|Any CPU
		Debug|ARM = Debug|ARM
		Debug|ARM64 = Debug|ARM64
		Debug|x64 = Debug|x64
		Debug|x86 = Debug|x86
		DEV|Any CPU = DEV|Any CPU
		DEV|ARM = DEV|ARM
		DEV|ARM64 = DEV|ARM64
		DEV|x64 = DEV|x64
		DEV|x86 = DEV|x86
		PROD|Any CPU = PROD|Any CPU
		PROD|ARM = PROD|ARM
		PROD|ARM64 = PROD|ARM64
		PROD|x64 = PROD|x64
		PROD|x86 = PROD|x86
		Release|Any CPU = Release|Any CPU
		Release|ARM = Release|ARM
		Release|ARM64 = Release|ARM64
		Release|x64 = Release|x64
		Release|x86 = Release|x86
		STG|Any CPU = STG|Any CPU
		STG|ARM = STG|ARM
		STG|ARM64 = STG|ARM64
		STG|x64 = STG|x64
		STG|x86 = STG|x86
	EndGlobalSection
	GlobalSection(ProjectConfigurationPlatforms) = postSolution
		{2669F0FB-FEF6-4065-8541-9B151854322F}.Debug|Any CPU.ActiveCfg = Debug|Any CPU
		{2669F0FB-FEF6-4065-8541-9B151854322F}.Debug|Any CPU.Build.0 = Debug|Any CPU
		{2669F0FB-FEF6-4065-8541-9B151854322F}.Debug|ARM.ActiveCfg = Debug|Any CPU
		{2669F0FB-FEF6-4065-8541-9B151854322F}.Debug|ARM.Build.0 = Debug|Any CPU
		{2669F0FB-FEF6-4065-8541-9B151854322F}.Debug|ARM64.ActiveCfg = Debug|Any CPU
		{2669F0FB-FEF6-4065-8541-9B151854322F}.Debug|ARM64.Build.0 = Debug|Any CPU
		{2669F0FB-FEF6-4065-8541-9B151854322F}.Debug|x64.ActiveCfg = Debug|Any CPU
		{2669F0FB-FEF6-4065-8541-9B151854322F}.Debug|x64.Build.0 = Debug|Any CPU
		{2669F0FB-FEF6-4065-8541-9B151854322F}.Debug|x86.ActiveCfg = Debug|Any CPU
		{2669F0FB-FEF6-4065-8541-9B151854322F}.Debug|x86.Build.0 = Debug|Any CPU
		{2669F0FB-FEF6-4065-8541-9B151854322F}.DEV|Any CPU.ActiveCfg = Debug|Any CPU
		{2669F0FB-FEF6-4065-8541-9B151854322F}.DEV|Any CPU.Build.0 = Debug|Any CPU
		{2669F0FB-FEF6-4065-8541-9B151854322F}.DEV|ARM.ActiveCfg = Debug|Any CPU
		{2669F0FB-FEF6-4065-8541-9B151854322F}.DEV|ARM.Build.0 = Debug|Any CPU
		{2669F0FB-FEF6-4065-8541-9B151854322F}.DEV|ARM64.ActiveCfg = Debug|Any CPU
		{2669F0FB-FEF6-4065-8541-9B151854322F}.DEV|ARM64.Build.0 = Debug|Any CPU
		{2669F0FB-FEF6-4065-8541-9B151854322F}.DEV|x64.ActiveCfg = Debug|Any CPU
		{2669F0FB-FEF6-4065-8541-9B151854322F}.DEV|x64.Build.0 = Debug|Any CPU
		{2669F0FB-FEF6-4065-8541-9B151854322F}.DEV|x86.ActiveCfg = Debug|Any CPU
		{2669F0FB-FEF6-4065-8541-9B151854322F}.DEV|x86.Build.0 = Debug|Any CPU
		{2669F0FB-FEF6-4065-8541-9B151854322F}.PROD|Any CPU.ActiveCfg = Release|Any CPU
		{2669F0FB-FEF6-4065-8541-9B151854322F}.PROD|Any CPU.Build.0 = Release|Any CPU
		{2669F0FB-FEF6-4065-8541-9B151854322F}.PROD|ARM.ActiveCfg = Release|Any CPU
		{2669F0FB-FEF6-4065-8541-9B151854322F}.PROD|ARM.Build.0 = Release|Any CPU
		{2669F0FB-FEF6-4065-8541-9B151854322F}.PROD|ARM64.ActiveCfg = Release|Any CPU
		{2669F0FB-FEF6-4065-8541-9B151854322F}.PROD|ARM64.Build.0 = Release|Any CPU
		{2669F0FB-FEF6-4065-8541-9B151854322F}.PROD|x64.ActiveCfg = Release|Any CPU
		{2669F0FB-FEF6-4065-8541-9B151854322F}.PROD|x64.Build.0 = Release|Any CPU
		{2669F0FB-FEF6-4065-8541-9B151854322F}.PROD|x86.ActiveCfg = Release|Any CPU
		{2669F0FB-FEF6-4065-8541-9B151854322F}.PROD|x86.Build.0 = Release|Any CPU
		{2669F0FB-FEF6-4065-8541-9B151854322F}.Release|Any CPU.ActiveCfg = Release|Any CPU
		{2669F0FB-FEF6-4065-8541-9B151854322F}.Release|Any CPU.Build.0 = Release|Any CPU
		{2669F0FB-FEF6-4065-8541-9B151854322F}.Release|ARM.ActiveCfg = Release|Any CPU
		{2669F0FB-FEF6-4065-8541-9B151854322F}.Release|ARM.Build.0 = Release|Any CPU
		{2669F0FB-FEF6-4065-8541-9B151854322F}.Release|ARM64.ActiveCfg = Release|Any CPU
		{2669F0FB-FEF6-4065-8541-9B151854322F}.Release|ARM64.Build.0 = Release|Any CPU
		{2669F0FB-FEF6-4065-8541-9B151854322F}.Release|x64.ActiveCfg = Release|Any CPU
		{2669F0FB-FEF6-4065-8541-9B151854322F}.Release|x64.Build.0 = Release|Any CPU
		{2669F0FB-FEF6-4065-8541-9B151854322F}.Release|x86.ActiveCfg = Release|Any CPU
		{2669F0FB-FEF6-4065-8541-9B151854322F}.Release|x86.Build.0 = Release|Any CPU
		{2669F0FB-FEF6-4065-8541-9B151854322F}.STG|Any CPU.ActiveCfg = Release|Any CPU
		{2669F0FB-FEF6-4065-8541-9B151854322F}.STG|Any CPU.Build.0 = Release|Any CPU
		{2669F0FB-FEF6-4065-8541-9B151854322F}.STG|ARM.ActiveCfg = Release|Any CPU
		{2669F0FB-FEF6-4065-8541-9B151854322F}.STG|ARM.Build.0 = Release|Any CPU
		{2669F0FB-FEF6-4065-8541-9B151854322F}.STG|ARM64.ActiveCfg = Release|Any CPU
		{2669F0FB-FEF6-4065-8541-9B151854322F}.STG|ARM64.Build.0 = Release|Any CPU
		{2669F0FB-FEF6-4065-8541-9B151854322F}.STG|x64.ActiveCfg = Release|Any CPU
		{2669F0FB-FEF6-4065-8541-9B151854322F}.STG|x64.Build.0 = Release|Any CPU
		{2669F0FB-FEF6-4065-8541-9B151854322F}.STG|x86.ActiveCfg = Release|Any CPU
		{2669F0FB-FEF6-4065-8541-9B151854322F}.STG|x86.Build.0 = Release|Any CPU
		{F0F4B6AF-200C-44D8-A403-F442B495A7AE}.Debug|Any CPU.ActiveCfg = Debug|Any CPU
		{F0F4B6AF-200C-44D8-A403-F442B495A7AE}.Debug|Any CPU.Build.0 = Debug|Any CPU
		{F0F4B6AF-200C-44D8-A403-F442B495A7AE}.Debug|ARM.ActiveCfg = Debug|Any CPU
		{F0F4B6AF-200C-44D8-A403-F442B495A7AE}.Debug|ARM.Build.0 = Debug|Any CPU
		{F0F4B6AF-200C-44D8-A403-F442B495A7AE}.Debug|ARM64.ActiveCfg = Debug|Any CPU
		{F0F4B6AF-200C-44D8-A403-F442B495A7AE}.Debug|ARM64.Build.0 = Debug|Any CPU
		{F0F4B6AF-200C-44D8-A403-F442B495A7AE}.Debug|x64.ActiveCfg = Debug|Any CPU
		{F0F4B6AF-200C-44D8-A403-F442B495A7AE}.Debug|x64.Build.0 = Debug|Any CPU
		{F0F4B6AF-200C-44D8-A403-F442B495A7AE}.Debug|x86.ActiveCfg = Debug|Any CPU
		{F0F4B6AF-200C-44D8-A403-F442B495A7AE}.Debug|x86.Build.0 = Debug|Any CPU
		{F0F4B6AF-200C-44D8-A403-F442B495A7AE}.DEV|Any CPU.ActiveCfg = Debug|Any CPU
		{F0F4B6AF-200C-44D8-A403-F442B495A7AE}.DEV|Any CPU.Build.0 = Debug|Any CPU
		{F0F4B6AF-200C-44D8-A403-F442B495A7AE}.DEV|ARM.ActiveCfg = Debug|Any CPU
		{F0F4B6AF-200C-44D8-A403-F442B495A7AE}.DEV|ARM.Build.0 = Debug|Any CPU
		{F0F4B6AF-200C-44D8-A403-F442B495A7AE}.DEV|ARM64.ActiveCfg = Debug|Any CPU
		{F0F4B6AF-200C-44D8-A403-F442B495A7AE}.DEV|ARM64.Build.0 = Debug|Any CPU
		{F0F4B6AF-200C-44D8-A403-F442B495A7AE}.DEV|x64.ActiveCfg = Debug|Any CPU
		{F0F4B6AF-200C-44D8-A403-F442B495A7AE}.DEV|x64.Build.0 = Debug|Any CPU
		{F0F4B6AF-200C-44D8-A403-F442B495A7AE}.DEV|x86.ActiveCfg = Debug|Any CPU
		{F0F4B6AF-200C-44D8-A403-F442B495A7AE}.DEV|x86.Build.0 = Debug|Any CPU
		{F0F4B6AF-200C-44D8-A403-F442B495A7AE}.PROD|Any CPU.ActiveCfg = Release|Any CPU
		{F0F4B6AF-200C-44D8-A403-F442B495A7AE}.PROD|Any CPU.Build.0 = Release|Any CPU
		{F0F4B6AF-200C-44D8-A403-F442B495A7AE}.PROD|ARM.ActiveCfg = Release|Any CPU
		{F0F4B6AF-200C-44D8-A403-F442B495A7AE}.PROD|ARM.Build.0 = Release|Any CPU
		{F0F4B6AF-200C-44D8-A403-F442B495A7AE}.PROD|ARM64.ActiveCfg = Release|Any CPU
		{F0F4B6AF-200C-44D8-A403-F442B495A7AE}.PROD|ARM64.Build.0 = Release|Any CPU
		{F0F4B6AF-200C-44D8-A403-F442B495A7AE}.PROD|x64.ActiveCfg = Release|Any CPU
		{F0F4B6AF-200C-44D8-A403-F442B495A7AE}.PROD|x64.Build.0 = Release|Any CPU
		{F0F4B6AF-200C-44D8-A403-F442B495A7AE}.PROD|x86.ActiveCfg = Release|Any CPU
		{F0F4B6AF-200C-44D8-A403-F442B495A7AE}.PROD|x86.Build.0 = Release|Any CPU
		{F0F4B6AF-200C-44D8-A403-F442B495A7AE}.Release|Any CPU.ActiveCfg = Release|Any CPU
		{F0F4B6AF-200C-44D8-A403-F442B495A7AE}.Release|Any CPU.Build.0 = Release|Any CPU
		{F0F4B6AF-200C-44D8-A403-F442B495A7AE}.Release|ARM.ActiveCfg = Release|Any CPU
		{F0F4B6AF-200C-44D8-A403-F442B495A7AE}.Release|ARM.Build.0 = Release|Any CPU
		{F0F4B6AF-200C-44D8-A403-F442B495A7AE}.Release|ARM64.ActiveCfg = Release|Any CPU
		{F0F4B6AF-200C-44D8-A403-F442B495A7AE}.Release|ARM64.Build.0 = Release|Any CPU
		{F0F4B6AF-200C-44D8-A403-F442B495A7AE}.Release|x64.ActiveCfg = Release|Any CPU
		{F0F4B6AF-200C-44D8-A403-F442B495A7AE}.Release|x64.Build.0 = Release|Any CPU
		{F0F4B6AF-200C-44D8-A403-F442B495A7AE}.Release|x86.ActiveCfg = Release|Any CPU
		{F0F4B6AF-200C-44D8-A403-F442B495A7AE}.Release|x86.Build.0 = Release|Any CPU
		{F0F4B6AF-200C-44D8-A403-F442B495A7AE}.STG|Any CPU.ActiveCfg = Release|Any CPU
		{F0F4B6AF-200C-44D8-A403-F442B495A7AE}.STG|Any CPU.Build.0 = Release|Any CPU
		{F0F4B6AF-200C-44D8-A403-F442B495A7AE}.STG|ARM.ActiveCfg = Release|Any CPU
		{F0F4B6AF-200C-44D8-A403-F442B495A7AE}.STG|ARM.Build.0 = Release|Any CPU
		{F0F4B6AF-200C-44D8-A403-F442B495A7AE}.STG|ARM64.ActiveCfg = Release|Any CPU
		{F0F4B6AF-200C-44D8-A403-F442B495A7AE}.STG|ARM64.Build.0 = Release|Any CPU
		{F0F4B6AF-200C-44D8-A403-F442B495A7AE}.STG|x64.ActiveCfg = Release|Any CPU
		{F0F4B6AF-200C-44D8-A403-F442B495A7AE}.STG|x64.Build.0 = Release|Any CPU
		{F0F4B6AF-200C-44D8-A403-F442B495A7AE}.STG|x86.ActiveCfg = Release|Any CPU
		{F0F4B6AF-200C-44D8-A403-F442B495A7AE}.STG|x86.Build.0 = Release|Any CPU
		{4B9358F4-512A-430E-8937-013D53CBD714}.Debug|Any CPU.ActiveCfg = Debug|Any CPU
		{4B9358F4-512A-430E-8937-013D53CBD714}.Debug|Any CPU.Build.0 = Debug|Any CPU
		{4B9358F4-512A-430E-8937-013D53CBD714}.Debug|ARM.ActiveCfg = Debug|Any CPU
		{4B9358F4-512A-430E-8937-013D53CBD714}.Debug|ARM.Build.0 = Debug|Any CPU
		{4B9358F4-512A-430E-8937-013D53CBD714}.Debug|ARM64.ActiveCfg = Debug|Any CPU
		{4B9358F4-512A-430E-8937-013D53CBD714}.Debug|ARM64.Build.0 = Debug|Any CPU
		{4B9358F4-512A-430E-8937-013D53CBD714}.Debug|x64.ActiveCfg = Debug|Any CPU
		{4B9358F4-512A-430E-8937-013D53CBD714}.Debug|x64.Build.0 = Debug|Any CPU
		{4B9358F4-512A-430E-8937-013D53CBD714}.Debug|x86.ActiveCfg = Debug|Any CPU
		{4B9358F4-512A-430E-8937-013D53CBD714}.Debug|x86.Build.0 = Debug|Any CPU
		{4B9358F4-512A-430E-8937-013D53CBD714}.DEV|Any CPU.ActiveCfg = Debug|Any CPU
		{4B9358F4-512A-430E-8937-013D53CBD714}.DEV|Any CPU.Build.0 = Debug|Any CPU
		{4B9358F4-512A-430E-8937-013D53CBD714}.DEV|ARM.ActiveCfg = Debug|Any CPU
		{4B9358F4-512A-430E-8937-013D53CBD714}.DEV|ARM.Build.0 = Debug|Any CPU
		{4B9358F4-512A-430E-8937-013D53CBD714}.DEV|ARM64.ActiveCfg = Debug|Any CPU
		{4B9358F4-512A-430E-8937-013D53CBD714}.DEV|ARM64.Build.0 = Debug|Any CPU
		{4B9358F4-512A-430E-8937-013D53CBD714}.DEV|x64.ActiveCfg = Debug|Any CPU
		{4B9358F4-512A-430E-8937-013D53CBD714}.DEV|x64.Build.0 = Debug|Any CPU
		{4B9358F4-512A-430E-8937-013D53CBD714}.DEV|x86.ActiveCfg = Debug|Any CPU
		{4B9358F4-512A-430E-8937-013D53CBD714}.DEV|x86.Build.0 = Debug|Any CPU
		{4B9358F4-512A-430E-8937-013D53CBD714}.PROD|Any CPU.ActiveCfg = Release|Any CPU
		{4B9358F4-512A-430E-8937-013D53CBD714}.PROD|Any CPU.Build.0 = Release|Any CPU
		{4B9358F4-512A-430E-8937-013D53CBD714}.PROD|ARM.ActiveCfg = Release|Any CPU
		{4B9358F4-512A-430E-8937-013D53CBD714}.PROD|ARM.Build.0 = Release|Any CPU
		{4B9358F4-512A-430E-8937-013D53CBD714}.PROD|ARM64.ActiveCfg = Release|Any CPU
		{4B9358F4-512A-430E-8937-013D53CBD714}.PROD|ARM64.Build.0 = Release|Any CPU
		{4B9358F4-512A-430E-8937-013D53CBD714}.PROD|x64.ActiveCfg = Release|Any CPU
		{4B9358F4-512A-430E-8937-013D53CBD714}.PROD|x64.Build.0 = Release|Any CPU
		{4B9358F4-512A-430E-8937-013D53CBD714}.PROD|x86.ActiveCfg = Release|Any CPU
		{4B9358F4-512A-430E-8937-013D53CBD714}.PROD|x86.Build.0 = Release|Any CPU
		{4B9358F4-512A-430E-8937-013D53CBD714}.Release|Any CPU.ActiveCfg = Release|Any CPU
		{4B9358F4-512A-430E-8937-013D53CBD714}.Release|Any CPU.Build.0 = Release|Any CPU
		{4B9358F4-512A-430E-8937-013D53CBD714}.Release|ARM.ActiveCfg = Release|Any CPU
		{4B9358F4-512A-430E-8937-013D53CBD714}.Release|ARM.Build.0 = Release|Any CPU
		{4B9358F4-512A-430E-8937-013D53CBD714}.Release|ARM64.ActiveCfg = Release|Any CPU
		{4B9358F4-512A-430E-8937-013D53CBD714}.Release|ARM64.Build.0 = Release|Any CPU
		{4B9358F4-512A-430E-8937-013D53CBD714}.Release|x64.ActiveCfg = Release|Any CPU
		{4B9358F4-512A-430E-8937-013D53CBD714}.Release|x64.Build.0 = Release|Any CPU
		{4B9358F4-512A-430E-8937-013D53CBD714}.Release|x86.ActiveCfg = Release|Any CPU
		{4B9358F4-512A-430E-8937-013D53CBD714}.Release|x86.Build.0 = Release|Any CPU
		{4B9358F4-512A-430E-8937-013D53CBD714}.STG|Any CPU.ActiveCfg = Release|Any CPU
		{4B9358F4-512A-430E-8937-013D53CBD714}.STG|Any CPU.Build.0 = Release|Any CPU
		{4B9358F4-512A-430E-8937-013D53CBD714}.STG|ARM.ActiveCfg = Release|Any CPU
		{4B9358F4-512A-430E-8937-013D53CBD714}.STG|ARM.Build.0 = Release|Any CPU
		{4B9358F4-512A-430E-8937-013D53CBD714}.STG|ARM64.ActiveCfg = Release|Any CPU
		{4B9358F4-512A-430E-8937-013D53CBD714}.STG|ARM64.Build.0 = Release|Any CPU
		{4B9358F4-512A-430E-8937-013D53CBD714}.STG|x64.ActiveCfg = Release|Any CPU
		{4B9358F4-512A-430E-8937-013D53CBD714}.STG|x64.Build.0 = Release|Any CPU
		{4B9358F4-512A-430E-8937-013D53CBD714}.STG|x86.ActiveCfg = Release|Any CPU
		{4B9358F4-512A-430E-8937-013D53CBD714}.STG|x86.Build.0 = Release|Any CPU
	EndGlobalSection
	GlobalSection(SolutionProperties) = preSolution
		HideSolutionNode = FALSE
	EndGlobalSection
	GlobalSection(ExtensibilityGlobals) = postSolution
		SolutionGuid = {F4C721E1-9610-42F6-BA8B-C335E11684F3}
	EndGlobalSection
EndGlobal
